
Microsoft Visual Studio Solution File, Format Version 12.00
# Visual Studio 15
VisualStudioVersion = 15.0.27130.2027
MinimumVisualStudioVersion = 10.0.40219.1
Project("{9A19103F-16F7-4668-BE54-9A1E7A4F7556}") = "RozalinaBot", "RozalinaBot\RozalinaBot.csproj", "{A8DB6D1A-0954-4132-A042-F67AF5952979}"
EndProject
Project("{E53339B2-1760-4266-BCC7-CA923CBCF16C}") = "docker-compose", "docker-compose.dcproj", "{D2D50AAE-376A-4A35-A412-E2F7E8B6E33C}"
EndProject
Global
	GlobalSection(SolutionConfigurationPlatforms) = preSolution
		Debug|Any CPU = Debug|Any CPU
		Release|Any CPU = Release|Any CPU
	EndGlobalSection
	GlobalSection(ProjectConfigurationPlatforms) = postSolution
		{A8DB6D1A-0954-4132-A042-F67AF5952979}.Debug|Any CPU.ActiveCfg = Debug|Any CPU
		{A8DB6D1A-0954-4132-A042-F67AF5952979}.Debug|Any CPU.Build.0 = Debug|Any CPU
		{A8DB6D1A-0954-4132-A042-F67AF5952979}.Release|Any CPU.ActiveCfg = Release|Any CPU
		{A8DB6D1A-0954-4132-A042-F67AF5952979}.Release|Any CPU.Build.0 = Release|Any CPU
		{D2D50AAE-376A-4A35-A412-E2F7E8B6E33C}.Debug|Any CPU.ActiveCfg = Debug|Any CPU
		{D2D50AAE-376A-4A35-A412-E2F7E8B6E33C}.Debug|Any CPU.Build.0 = Debug|Any CPU
		{D2D50AAE-376A-4A35-A412-E2F7E8B6E33C}.Release|Any CPU.ActiveCfg = Release|Any CPU
		{D2D50AAE-376A-4A35-A412-E2F7E8B6E33C}.Release|Any CPU.Build.0 = Release|Any CPU
	EndGlobalSection
	GlobalSection(SolutionProperties) = preSolution
		HideSolutionNode = FALSE
	EndGlobalSection
	GlobalSection(ExtensibilityGlobals) = postSolution
		SolutionGuid = {0F58B2C0-A2F0-4E80-BC0C-4476214101D5}
	EndGlobalSection
EndGlobal
