
Microsoft Visual Studio Solution File, Format Version 12.00
# Visual Studio Version 16
VisualStudioVersion = 16.0.30717.126
MinimumVisualStudioVersion = 10.0.40219.1
Project("{FAE04EC0-301F-11D3-BF4B-00C04F79EFBC}") = "RozalinaBot", "RozalinaBot.csproj", "{8E54C9A1-4893-4BA9-BA6C-60942884C7C0}"
EndProject
Global
	GlobalSection(SolutionConfigurationPlatforms) = preSolution
		Debug|Any CPU = Debug|Any CPU
		Release|Any CPU = Release|Any CPU
	EndGlobalSection
	GlobalSection(ProjectConfigurationPlatforms) = postSolution
		{8E54C9A1-4893-4BA9-BA6C-60942884C7C0}.Debug|Any CPU.ActiveCfg = Debug|Any CPU
		{8E54C9A1-4893-4BA9-BA6C-60942884C7C0}.Debug|Any CPU.Build.0 = Debug|Any CPU
		{8E54C9A1-4893-4BA9-BA6C-60942884C7C0}.Release|Any CPU.ActiveCfg = Release|Any CPU
		{8E54C9A1-4893-4BA9-BA6C-60942884C7C0}.Release|Any CPU.Build.0 = Release|Any CPU
	EndGlobalSection
	GlobalSection(SolutionProperties) = preSolution
		HideSolutionNode = FALSE
	EndGlobalSection
	GlobalSection(ExtensibilityGlobals) = postSolution
		SolutionGuid = {5EA5B49A-7F6B-4C6F-B463-3874F853B2C6}
	EndGlobalSection
EndGlobal
